
Microsoft Visual Studio Solution File, Format Version 12.00
# Visual Studio Version 18
VisualStudioVersion = 18.5.11723.231 stable
MinimumVisualStudioVersion = 10.0.40219.1
Project("{9A19103F-16F7-4668-BE54-9A1E7A4F7556}") = "CollegeSystem", "CollegeSystem\CollegeSystem.csproj", "{5B3A8240-D5D9-4160-B3F9-F702202FFE7A}"
EndProject
Global
	GlobalSection(SolutionConfigurationPlatforms) = preSolution
		Debug|Any CPU = Debug|Any CPU
		Release|Any CPU = Release|Any CPU
	EndGlobalSection
	GlobalSection(ProjectConfigurationPlatforms) = postSolution
		{5B3A8240-D5D9-4160-B3F9-F702202FFE7A}.Debug|Any CPU.ActiveCfg = Debug|Any CPU
		{5B3A8240-D5D9-4160-B3F9-F702202FFE7A}.Debug|Any CPU.Build.0 = Debug|Any CPU
		{5B3A8240-D5D9-4160-B3F9-F702202FFE7A}.Release|Any CPU.ActiveCfg = Release|Any CPU
		{5B3A8240-D5D9-4160-B3F9-F702202FFE7A}.Release|Any CPU.Build.0 = Release|Any CPU
	EndGlobalSection
	GlobalSection(SolutionProperties) = preSolution
		HideSolutionNode = FALSE
	EndGlobalSection
	GlobalSection(ExtensibilityGlobals) = postSolution
		SolutionGuid = {D0A11D32-5519-44EC-A0A8-B77110B19EBE}
	EndGlobalSection
EndGlobal
